{
  "version": 4,
  "terraform_version": "1.4.2",
  "serial": 12,
  "lineage": "048e8f12-95ec-cfe6-120e-4b3cc9e18a23",
  "outputs": {
    "resource_group_name": {
      "value": "rg-wanted-turtle",
      "type": "string"
    }
  },
  "resources": [
    {
      "mode": "managed",
      "type": "azurerm_network_security_group",
      "name": "ns",
      "provider": "provider[\"registry.terraform.io/hashicorp/azurerm\"]",
      "instances": [
        {
          "schema_version": 0,
          "attributes": {
            "id": "/subscriptions/e0fd79dd-e640-4532-af5b-7764f94cd58a/resourceGroups/rg-wanted-turtle/providers/Microsoft.Network/networkSecurityGroups/ns-security-group",
            "location": "eastus",
            "name": "ns-security-group",
            "resource_group_name": "rg-wanted-turtle",
            "security_rule": [],
            "tags": {},
            "timeouts": null
          },
          "sensitive_attributes": [],
          "private": "eyJlMmJmYjczMC1lY2FhLTExZTYtOGY4OC0zNDM2M2JjN2M0YzAiOnsiY3JlYXRlIjoxODAwMDAwMDAwMDAwLCJkZWxldGUiOjE4MDAwMDAwMDAwMDAsInJlYWQiOjMwMDAwMDAwMDAwMCwidXBkYXRlIjoxODAwMDAwMDAwMDAwfX0=",
          "dependencies": [
            "azurerm_resource_group.rg",
            "random_pet.rg_name"
          ]
        }
      ]
    },
    {
      "mode": "managed",
      "type": "azurerm_resource_group",
      "name": "rg",
      "provider": "provider[\"registry.terraform.io/hashicorp/azurerm\"]",
      "instances": [
        {
          "schema_version": 0,
          "attributes": {
            "id": "/subscriptions/e0fd79dd-e640-4532-af5b-7764f94cd58a/resourceGroups/rg-wanted-turtle",
            "location": "eastus",
            "name": "rg-wanted-turtle",
            "tags": {},
            "timeouts": null
          },
          "sensitive_attributes": [],
          "private": "eyJlMmJmYjczMC1lY2FhLTExZTYtOGY4OC0zNDM2M2JjN2M0YzAiOnsiY3JlYXRlIjo1NDAwMDAwMDAwMDAwLCJkZWxldGUiOjU0MDAwMDAwMDAwMDAsInJlYWQiOjMwMDAwMDAwMDAwMCwidXBkYXRlIjo1NDAwMDAwMDAwMDAwfX0=",
          "dependencies": [
            "random_pet.rg_name"
          ]
        }
      ]
    },
    {
      "mode": "managed",
      "type": "azurerm_virtual_network",
      "name": "rgvnet",
      "provider": "provider[\"registry.terraform.io/hashicorp/azurerm\"]",
      "instances": [
        {
          "schema_version": 0,
          "attributes": {
            "address_space": [
              "10.0.0.0/16"
            ],
            "bgp_community": "",
            "ddos_protection_plan": [],
            "dns_servers": [
              "10.0.0.4",
              "10.0.0.5"
            ],
            "flow_timeout_in_minutes": 0,
            "guid": "17fb99c0-7ee9-47dd-92bd-d79ace155a4a",
            "id": "/subscriptions/e0fd79dd-e640-4532-af5b-7764f94cd58a/resourceGroups/rg-wanted-turtle/providers/Microsoft.Network/virtualNetworks/rgvnet-vnet",
            "location": "eastus",
            "name": "rgvnet-vnet",
            "resource_group_name": "rg-wanted-turtle",
            "subnet": [
              {
                "address_prefix": "10.0.1.0/24",
                "id": "/subscriptions/e0fd79dd-e640-4532-af5b-7764f94cd58a/resourceGroups/rg-wanted-turtle/providers/Microsoft.Network/virtualNetworks/rgvnet-vnet/subnets/subnet1",
                "name": "subnet1",
                "security_group": ""
              },
              {
                "address_prefix": "10.0.2.0/24",
                "id": "/subscriptions/e0fd79dd-e640-4532-af5b-7764f94cd58a/resourceGroups/rg-wanted-turtle/providers/Microsoft.Network/virtualNetworks/rgvnet-vnet/subnets/subnet2",
                "name": "subnet2",
                "security_group": "/subscriptions/e0fd79dd-e640-4532-af5b-7764f94cd58a/resourceGroups/rg-wanted-turtle/providers/Microsoft.Network/networkSecurityGroups/ns-security-group"
              }
            ],
            "tags": {},
            "timeouts": null,
            "vm_protection_enabled": false
          },
          "sensitive_attributes": [],
          "private": "eyJlMmJmYjczMC1lY2FhLTExZTYtOGY4OC0zNDM2M2JjN2M0YzAiOnsiY3JlYXRlIjoxODAwMDAwMDAwMDAwLCJkZWxldGUiOjE4MDAwMDAwMDAwMDAsInJlYWQiOjMwMDAwMDAwMDAwMCwidXBkYXRlIjoxODAwMDAwMDAwMDAwfX0=",
          "dependencies": [
            "azurerm_network_security_group.ns",
            "azurerm_resource_group.rg"
          ]
        }
      ]
    },
    {
      "mode": "managed",
      "type": "random_pet",
      "name": "rg_name",
      "provider": "provider[\"registry.terraform.io/hashicorp/random\"]",
      "instances": [
        {
          "schema_version": 0,
          "attributes": {
            "id": "rg-wanted-turtle",
            "keepers": null,
            "length": 2,
            "prefix": "rg",
            "separator": "-"
          },
          "sensitive_attributes": []
        }
      ]
    }
  ],
  "check_results": null
}
